
Microsoft Visual Studio Solution File, Format Version 12.00
# Visual Studio Version 18
VisualStudioVersion = 18.1.11312.151 d18.0
MinimumVisualStudioVersion = 10.0.40219.1
Project("{FAE04EC0-301F-11D3-BF4B-00C04F79EFBC}") = "LayoutParserLowCodeRunner", "LayoutParserLowCodeRunner.csproj", "{5E68D61F-2B60-7FF7-FC2D-8E11D49CEB87}"
EndProject
Global
	GlobalSection(SolutionConfigurationPlatforms) = preSolution
		Debug|Any CPU = Debug|Any CPU
		Release|Any CPU = Release|Any CPU
	EndGlobalSection
	GlobalSection(ProjectConfigurationPlatforms) = postSolution
		{5E68D61F-2B60-7FF7-FC2D-8E11D49CEB87}.Debug|Any CPU.ActiveCfg = Debug|Any CPU
		{5E68D61F-2B60-7FF7-FC2D-8E11D49CEB87}.Debug|Any CPU.Build.0 = Debug|Any CPU
		{5E68D61F-2B60-7FF7-FC2D-8E11D49CEB87}.Release|Any CPU.ActiveCfg = Release|Any CPU
		{5E68D61F-2B60-7FF7-FC2D-8E11D49CEB87}.Release|Any CPU.Build.0 = Release|Any CPU
	EndGlobalSection
	GlobalSection(SolutionProperties) = preSolution
		HideSolutionNode = FALSE
	EndGlobalSection
	GlobalSection(ExtensibilityGlobals) = postSolution
		SolutionGuid = {211D59B8-2417-4F22-8CDA-69266ADBD183}
	EndGlobalSection
EndGlobal
